
Microsoft Visual Studio Solution File, Format Version 12.00
# Visual Studio Version 17
VisualStudioVersion = 17.2.32630.192
MinimumVisualStudioVersion = 10.0.40219.1
Project("{FAE04EC0-301F-11D3-BF4B-00C04F79EFBC}") = "RayLibGrille", "RayLibGrille.csproj", "{C77C3A56-AA6B-43DE-BF6F-DAD690DECF65}"
EndProject
Global
	GlobalSection(SolutionConfigurationPlatforms) = preSolution
		Debug|Any CPU = Debug|Any CPU
		Release|Any CPU = Release|Any CPU
	EndGlobalSection
	GlobalSection(ProjectConfigurationPlatforms) = postSolution
		{C77C3A56-AA6B-43DE-BF6F-DAD690DECF65}.Debug|Any CPU.ActiveCfg = Debug|Any CPU
		{C77C3A56-AA6B-43DE-BF6F-DAD690DECF65}.Debug|Any CPU.Build.0 = Debug|Any CPU
		{C77C3A56-AA6B-43DE-BF6F-DAD690DECF65}.Release|Any CPU.ActiveCfg = Release|Any CPU
		{C77C3A56-AA6B-43DE-BF6F-DAD690DECF65}.Release|Any CPU.Build.0 = Release|Any CPU
	EndGlobalSection
	GlobalSection(SolutionProperties) = preSolution
		HideSolutionNode = FALSE
	EndGlobalSection
	GlobalSection(ExtensibilityGlobals) = postSolution
		SolutionGuid = {BBB2E785-1339-47C6-9DBE-67CA60B24809}
	EndGlobalSection
EndGlobal
